
Microsoft Visual Studio Solution File, Format Version 12.00
# Visual Studio 15
VisualStudioVersion = 15.0.28307.1022
MinimumVisualStudioVersion = 10.0.40219.1
Project("{FAE04EC0-301F-11D3-BF4B-00C04F79EFBC}") = "GTA5SightseerApp", "GTA5SightseerApp\GTA5SightseerApp.csproj", "{8558A607-2D9D-41E6-8B5D-8240D11D464F}"
EndProject
Global
	GlobalSection(SolutionConfigurationPlatforms) = preSolution
		Debug|Any CPU = Debug|Any CPU
		Release|Any CPU = Release|Any CPU
	EndGlobalSection
	GlobalSection(ProjectConfigurationPlatforms) = postSolution
		{8558A607-2D9D-41E6-8B5D-8240D11D464F}.Debug|Any CPU.ActiveCfg = Debug|Any CPU
		{8558A607-2D9D-41E6-8B5D-8240D11D464F}.Debug|Any CPU.Build.0 = Debug|Any CPU
		{8558A607-2D9D-41E6-8B5D-8240D11D464F}.Release|Any CPU.ActiveCfg = Release|Any CPU
		{8558A607-2D9D-41E6-8B5D-8240D11D464F}.Release|Any CPU.Build.0 = Release|Any CPU
	EndGlobalSection
	GlobalSection(SolutionProperties) = preSolution
		HideSolutionNode = FALSE
	EndGlobalSection
	GlobalSection(ExtensibilityGlobals) = postSolution
		SolutionGuid = {87B845AD-3FEE-4359-A57B-AF8431A4F89C}
	EndGlobalSection
EndGlobal
